
Microsoft Visual Studio Solution File, Format Version 12.00
# Visual Studio Version 17
VisualStudioVersion = 17.9.34728.123
MinimumVisualStudioVersion = 10.0.40219.1
Project("{FAE04EC0-301F-11D3-BF4B-00C04F79EFBC}") = "WebApplication8", "WebApplication8\WebApplication8.csproj", "{92C9A9A8-78BE-4A3E-A1DC-79D82C2881DC}"
EndProject
Global
	GlobalSection(SolutionConfigurationPlatforms) = preSolution
		Debug|Any CPU = Debug|Any CPU
		Release|Any CPU = Release|Any CPU
	EndGlobalSection
	GlobalSection(ProjectConfigurationPlatforms) = postSolution
		{92C9A9A8-78BE-4A3E-A1DC-79D82C2881DC}.Debug|Any CPU.ActiveCfg = Debug|Any CPU
		{92C9A9A8-78BE-4A3E-A1DC-79D82C2881DC}.Debug|Any CPU.Build.0 = Debug|Any CPU
		{92C9A9A8-78BE-4A3E-A1DC-79D82C2881DC}.Release|Any CPU.ActiveCfg = Release|Any CPU
		{92C9A9A8-78BE-4A3E-A1DC-79D82C2881DC}.Release|Any CPU.Build.0 = Release|Any CPU
	EndGlobalSection
	GlobalSection(SolutionProperties) = preSolution
		HideSolutionNode = FALSE
	EndGlobalSection
	GlobalSection(ExtensibilityGlobals) = postSolution
		SolutionGuid = {23281E2F-7060-41B3-8828-2289AFA9A1AA}
	EndGlobalSection
EndGlobal
