
Microsoft Visual Studio Solution File, Format Version 12.00
# Visual Studio Version 17
VisualStudioVersion = 17.9.34728.123
MinimumVisualStudioVersion = 10.0.40219.1
Project("{FAE04EC0-301F-11D3-BF4B-00C04F79EFBC}") = "WebApplication9", "WebApplication9\WebApplication9.csproj", "{36EAA13E-E3C1-4946-833F-952C347C83F3}"
EndProject
Global
	GlobalSection(SolutionConfigurationPlatforms) = preSolution
		Debug|Any CPU = Debug|Any CPU
		Release|Any CPU = Release|Any CPU
	EndGlobalSection
	GlobalSection(ProjectConfigurationPlatforms) = postSolution
		{36EAA13E-E3C1-4946-833F-952C347C83F3}.Debug|Any CPU.ActiveCfg = Debug|Any CPU
		{36EAA13E-E3C1-4946-833F-952C347C83F3}.Debug|Any CPU.Build.0 = Debug|Any CPU
		{36EAA13E-E3C1-4946-833F-952C347C83F3}.Release|Any CPU.ActiveCfg = Release|Any CPU
		{36EAA13E-E3C1-4946-833F-952C347C83F3}.Release|Any CPU.Build.0 = Release|Any CPU
	EndGlobalSection
	GlobalSection(SolutionProperties) = preSolution
		HideSolutionNode = FALSE
	EndGlobalSection
	GlobalSection(ExtensibilityGlobals) = postSolution
		SolutionGuid = {0B962644-711E-4C8A-88B5-F08BA861E65F}
	EndGlobalSection
EndGlobal
